{
  "nodes": {
    "nixpkgs": {
      "locked": {
        "lastModified": 1681064623,
        "narHash": "sha256-UngFykv8KTrjxFeu4ZMvsOwFrxsa0A3ZPwyLhxb0Rrs=",
        "owner": "nixos",
        "repo": "nixpkgs",
        "rev": "da0b0bc6a5d699a8a9ffbf9e1b19e8642307062a",
        "type": "github"
      },
      "original": {
        "owner": "nixos",
        "ref": "nixpkgs-unstable",
        "repo": "nixpkgs",
        "type": "github"
      }
    },
    "root": {
      "inputs": {
        "nixpkgs": "nixpkgs"
      }
    }
  },
  "root": "root",
  "version": 7
}
